{
  "projects": [
    {
      "projectId": "dsXmC7cD6fb4ndC33mPxdf",
      "version": "latest",
      "dependencies": {},
      "lang": "ts",
      "fileLocks": [
        {
          "assetId": "dsXmC7cD6fb4ndC33mPxdf",
          "type": "projectCss",
          "checksum": "7754e88005e8f36861b6d30ef69df807"
        },
        {
          "type": "renderModule",
          "assetId": "TYdc7-zNQ1Gg",
          "checksum": "acc47e864715ea4dca2312101cd2737a"
        },
        {
          "type": "cssRules",
          "assetId": "TYdc7-zNQ1Gg",
          "checksum": "acc47e864715ea4dca2312101cd2737a"
        }
      ],
      "codegenVersion": "0.0.1"
    }
  ],
  "cliVersion": "0.1.330"
}
